// !$*UTF8*$!
{
	archiveVersion = 1;
	classes = {
	};
	objectVersion = 46;
	objects = {

/* Begin PBXBuildFile section */
		B79CE23A187E749C00EB2C98 /* Foundation.framework in Frameworks */ = {isa = PBXBuildFile; fileRef = B79CE239187E749C00EB2C98 /* Foundation.framework */; };
		B79CE23C187E749C00EB2C98 /* CoreGraphics.framework in Frameworks */ = {isa = PBXBuildFile; fileRef = B79CE23B187E749C00EB2C98 /* CoreGraphics.framework */; };
		B79CE23E187E749C00EB2C98 /* UIKit.framework in Frameworks */ = {isa = PBXBuildFile; fileRef = B79CE23D187E749C00EB2C98 /* UIKit.framework */; };
		B79CE244187E749C00EB2C98 /* InfoPlist.strings in Resources */ = {isa = PBXBuildFile; fileRef = B79CE242187E749C00EB2C98 /* InfoPlist.strings */; };
		B79CE246187E749C00EB2C98 /* main.m in Sources */ = {isa = PBXBuildFile; fileRef = B79CE245187E749C00EB2C98 /* main.m */; };
		B79CE24A187E749C00EB2C98 /* AppDelegate.m in Sources */ = {isa = PBXBuildFile; fileRef = B79CE249187E749C00EB2C98 /* AppDelegate.m */; };
		B79CE24D187E749C00EB2C98 /* Main.storyboard in Resources */ = {isa = PBXBuildFile; fileRef = B79CE24B187E749C00EB2C98 /* Main.storyboard */; };
		B79CE250187E749C00EB2C98 /* ViewController.m in Sources */ = {isa = PBXBuildFile; fileRef = B79CE24F187E749C00EB2C98 /* ViewController.m */; };
		B79CE252187E749C00EB2C98 /* Images.xcassets in Resources */ = {isa = PBXBuildFile; fileRef = B79CE251187E749C00EB2C98 /* Images.xcassets */; };
		B79CE259187E749C00EB2C98 /* XCTest.framework in Frameworks */ = {isa = PBXBuildFile; fileRef = B79CE258187E749C00EB2C98 /* XCTest.framework */; };
		B79CE25A187E749C00EB2C98 /* Foundation.framework in Frameworks */ = {isa = PBXBuildFile; fileRef = B79CE239187E749C00EB2C98 /* Foundation.framework */; };
		B79CE25B187E749C00EB2C98 /* UIKit.framework in Frameworks */ = {isa = PBXBuildFile; fileRef = B79CE23D187E749C00EB2C98 /* UIKit.framework */; };
		B79CE263187E749C00EB2C98 /* InfoPlist.strings in Resources */ = {isa = PBXBuildFile; fileRef = B79CE261187E749C00EB2C98 /* InfoPlist.strings */; };
		B79CE265187E749C00EB2C98 /* testdemoTests.m in Sources */ = {isa = PBXBuildFile; fileRef = B79CE264187E749C00EB2C98 /* testdemoTests.m */; };
/* End PBXBuildFile section */

/* Begin PBXContainerItemProxy section */
		B79CE25C187E749C00EB2C98 /* PBXContainerItemProxy */ = {
			isa = PBXContainerItemProxy;
			containerPortal = B79CE22E187E749C00EB2C98 /* Project object */;
			proxyType = 1;
			remoteGlobalIDString = B79CE235187E749C00EB2C98;
			remoteInfo = testdemo;
		};
/* End PBXContainerItemProxy section */

/* Begin PBXFileReference section */
		B79CE236187E749C00EB2C98 /* testdemo.app */ = {isa = PBXFileReference; explicitFileType = wrapper.application; includeInIndex = 0; path = testdemo.app; sourceTree = BUILT_PRODUCTS_DIR; };
		B79CE239187E749C00EB2C98 /* Foundation.framework */ = {isa = PBXFileReference; lastKnownFileType = wrapper.framework; name = Foundation.framework; path = System/Library/Frameworks/Foundation.framework; sourceTree = SDKROOT; };
		B79CE23B187E749C00EB2C98 /* CoreGraphics.framework */ = {isa = PBXFileReference; lastKnownFileType = wrapper.framework; name = CoreGraphics.framework; path = System/Library/Frameworks/CoreGraphics.framework; sourceTree = SDKROOT; };
		B79CE23D187E749C00EB2C98 /* UIKit.framework */ = {isa = PBXFileReference; lastKnownFileType = wrapper.framework; name = UIKit.framework; path = System/Library/Frameworks/UIKit.framework; sourceTree = SDKROOT; };
		B79CE241187E749C00EB2C98 /* testdemo-Info.plist */ = {isa = PBXFileReference; lastKnownFileType = text.plist.xml; path = "testdemo-Info.plist"; sourceTree = "<group>"; };
		B79CE243187E749C00EB2C98 /* en */ = {isa = PBXFileReference; lastKnownFileType = text.plist.strings; name = en; path = en.lproj/InfoPlist.strings; sourceTree = "<group>"; };
		B79CE245187E749C00EB2C98 /* main.m */ = {isa = PBXFileReference; lastKnownFileType = sourcecode.c.objc; path = main.m; sourceTree = "<group>"; };
		B79CE247187E749C00EB2C98 /* testdemo-Prefix.pch */ = {isa = PBXFileReference; lastKnownFileType = sourcecode.c.h; path = "testdemo-Prefix.pch"; sourceTree = "<group>"; };
		B79CE248187E749C00EB2C98 /* AppDelegate.h */ = {isa = PBXFileReference; lastKnownFileType = sourcecode.c.h; path = AppDelegate.h; sourceTree = "<group>"; };
		B79CE249187E749C00EB2C98 /* AppDelegate.m */ = {isa = PBXFileReference; lastKnownFileType = sourcecode.c.objc; path = AppDelegate.m; sourceTree = "<group>"; };
		B79CE24C187E749C00EB2C98 /* Base */ = {isa = PBXFileReference; lastKnownFileType = file.storyboard; name = Base; path = Base.lproj/Main.storyboard; sourceTree = "<group>"; };
		B79CE24E187E749C00EB2C98 /* ViewController.h */ = {isa = PBXFileReference; lastKnownFileType = sourcecode.c.h; path = ViewController.h; sourceTree = "<group>"; };
		B79CE24F187E749C00EB2C98 /* ViewController.m */ = {isa = PBXFileReference; lastKnownFileType = sourcecode.c.objc; path = ViewController.m; sourceTree = "<group>"; };
		B79CE251187E749C00EB2C98 /* Images.xcassets */ = {isa = PBXFileReference; lastKnownFileType = folder.assetcatalog; path = Images.xcassets; sourceTree = "<group>"; };
		B79CE257187E749C00EB2C98 /* testdemoTests.xctest */ = {isa = PBXFileReference; explicitFileType = wrapper.cfbundle; includeInIndex = 0; path = testdemoTests.xctest; sourceTree = BUILT_PRODUCTS_DIR; };
		B79CE258187E749C00EB2C98 /* XCTest.framework */ = {isa = PBXFileReference; lastKnownFileType = wrapper.framework; name = XCTest.framework; path = Library/Frameworks/XCTest.framework; sourceTree = DEVELOPER_DIR; };
		B79CE260187E749C00EB2C98 /* testdemoTests-Info.plist */ = {isa = PBXFileReference; lastKnownFileType = text.plist.xml; path = "testdemoTests-Info.plist"; sourceTree = "<group>"; };
		B79CE262187E749C00EB2C98 /* en */ = {isa = PBXFileReference; lastKnownFileType = text.plist.strings; name = en; path = en.lproj/InfoPlist.strings; sourceTree = "<group>"; };
		B79CE264187E749C00EB2C98 /* testdemoTests.m */ = {isa = PBXFileReference; lastKnownFileType = sourcecode.c.objc; path = testdemoTests.m; sourceTree = "<group>"; };
/* End PBXFileReference section */

/* Begin PBXFrameworksBuildPhase section */
		B79CE233187E749C00EB2C98 /* Frameworks */ = {
			isa = PBXFrameworksBuildPhase;
			buildActionMask = 2147483647;
			files = (
				B79CE23C187E749C00EB2C98 /* CoreGraphics.framework in Frameworks */,
				B79CE23E187E749C00EB2C98 /* UIKit.framework in Frameworks */,
				B79CE23A187E749C00EB2C98 /* Foundation.framework in Frameworks */,
			);
			runOnlyForDeploymentPostprocessing = 0;
		};
		B79CE254187E749C00EB2C98 /* Frameworks */ = {
			isa = PBXFrameworksBuildPhase;
			buildActionMask = 2147483647;
			files = (
				B79CE259187E749C00EB2C98 /* XCTest.framework in Frameworks */,
				B79CE25B187E749C00EB2C98 /* UIKit.framework in Frameworks */,
				B79CE25A187E749C00EB2C98 /* Foundation.framework in Frameworks */,
			);
			runOnlyForDeploymentPostprocessing = 0;
		};
/* End PBXFrameworksBuildPhase section */

/* Begin PBXGroup section */
		B79CE22D187E749C00EB2C98 = {
			isa = PBXGroup;
			children = (
				B79CE23F187E749C00EB2C98 /* testdemo */,
				B79CE25E187E749C00EB2C98 /* testdemoTests */,
				B79CE238187E749C00EB2C98 /* Frameworks */,
				B79CE237187E749C00EB2C98 /* Products */,
			);
			sourceTree = "<group>";
		};
		B79CE237187E749C00EB2C98 /* Products */ = {
			isa = PBXGroup;
			children = (
				B79CE236187E749C00EB2C98 /* testdemo.app */,
				B79CE257187E749C00EB2C98 /* testdemoTests.xctest */,
			);
			name = Products;
			sourceTree = "<group>";
		};
		B79CE238187E749C00EB2C98 /* Frameworks */ = {
			isa = PBXGroup;
			children = (
				B79CE239187E749C00EB2C98 /* Foundation.framework */,
				B79CE23B187E749C00EB2C98 /* CoreGraphics.framework */,
				B79CE23D187E749C00EB2C98 /* UIKit.framework */,
				B79CE258187E749C00EB2C98 /* XCTest.framework */,
			);
			name = Frameworks;
			sourceTree = "<group>";
		};
		B79CE23F187E749C00EB2C98 /* testdemo */ = {
			isa = PBXGroup;
			children = (
				B79CE248187E749C00EB2C98 /* AppDelegate.h */,
				B79CE249187E749C00EB2C98 /* AppDelegate.m */,
				B79CE24B187E749C00EB2C98 /* Main.storyboard */,
				B79CE24E187E749C00EB2C98 /* ViewController.h */,
				B79CE24F187E749C00EB2C98 /* ViewController.m */,
				B79CE251187E749C00EB2C98 /* Images.xcassets */,
				B79CE240187E749C00EB2C98 /* Supporting Files */,
			);
			path = testdemo;
			sourceTree = "<group>";
		};
		B79CE240187E749C00EB2C98 /* Supporting Files */ = {
			isa = PBXGroup;
			children = (
				B79CE241187E749C00EB2C98 /* testdemo-Info.plist */,
				B79CE242187E749C00EB2C98 /* InfoPlist.strings */,
				B79CE245187E749C00EB2C98 /* main.m */,
				B79CE247187E749C00EB2C98 /* testdemo-Prefix.pch */,
			);
			name = "Supporting Files";
			sourceTree = "<group>";
		};
		B79CE25E187E749C00EB2C98 /* testdemoTests */ = {
			isa = PBXGroup;
			children = (
				B79CE264187E749C00EB2C98 /* testdemoTests.m */,
				B79CE25F187E749C00EB2C98 /* Supporting Files */,
			);
			path = testdemoTests;
			sourceTree = "<group>";
		};
		B79CE25F187E749C00EB2C98 /* Supporting Files */ = {
			isa = PBXGroup;
			children = (
				B79CE260187E749C00EB2C98 /* testdemoTests-Info.plist */,
				B79CE261187E749C00EB2C98 /* InfoPlist.strings */,
			);
			name = "Supporting Files";
			sourceTree = "<group>";
		};
/* End PBXGroup section */

/* Begin PBXNativeTarget section */
		B79CE235187E749C00EB2C98 /* testdemo */ = {
			isa = PBXNativeTarget;
			buildConfigurationList = B79CE268187E749C00EB2C98 /* Build configuration list for PBXNativeTarget "testdemo" */;
			buildPhases = (
				B79CE232187E749C00EB2C98 /* Sources */,
				B79CE233187E749C00EB2C98 /* Frameworks */,
				B79CE234187E749C00EB2C98 /* Resources */,
			);
			buildRules = (
			);
			dependencies = (
			);
			name = testdemo;
			productName = testdemo;
			productReference = B79CE236187E749C00EB2C98 /* testdemo.app */;
			productType = "com.apple.product-type.application";
		};
		B79CE256187E749C00EB2C98 /* testdemoTests */ = {
			isa = PBXNativeTarget;
			buildConfigurationList = B79CE26B187E749C00EB2C98 /* Build configuration list for PBXNativeTarget "testdemoTests" */;
			buildPhases = (
				B79CE253187E749C00EB2C98 /* Sources */,
				B79CE254187E749C00EB2C98 /* Frameworks */,
				B79CE255187E749C00EB2C98 /* Resources */,
			);
			buildRules = (
			);
			dependencies = (
				B79CE25D187E749C00EB2C98 /* PBXTargetDependency */,
			);
			name = testdemoTests;
			productName = testdemoTests;
			productReference = B79CE257187E749C00EB2C98 /* testdemoTests.xctest */;
			productType = "com.apple.product-type.bundle.unit-test";
		};
/* End PBXNativeTarget section */

/* Begin PBXProject section */
		B79CE22E187E749C00EB2C98 /* Project object */ = {
			isa = PBXProject;
			attributes = {
				LastUpgradeCheck = 0500;
				ORGANIZATIONNAME = "Vidyalaxmi Shenoy";
				TargetAttributes = {
					B79CE256187E749C00EB2C98 = {
						TestTargetID = B79CE235187E749C00EB2C98;
					};
				};
			};
			buildConfigurationList = B79CE231187E749C00EB2C98 /* Build configuration list for PBXProject "testdemo" */;
			compatibilityVersion = "Xcode 3.2";
			developmentRegion = English;
			hasScannedForEncodings = 0;
			knownRegions = (
				en,
				Base,
			);
			mainGroup = B79CE22D187E749C00EB2C98;
			productRefGroup = B79CE237187E749C00EB2C98 /* Products */;
			projectDirPath = "";
			projectRoot = "";
			targets = (
				B79CE235187E749C00EB2C98 /* testdemo */,
				B79CE256187E749C00EB2C98 /* testdemoTests */,
			);
		};
/* End PBXProject section */

/* Begin PBXResourcesBuildPhase section */
		B79CE234187E749C00EB2C98 /* Resources */ = {
			isa = PBXResourcesBuildPhase;
			buildActionMask = 2147483647;
			files = (
				B79CE252187E749C00EB2C98 /* Images.xcassets in Resources */,
				B79CE244187E749C00EB2C98 /* InfoPlist.strings in Resources */,
				B79CE24D187E749C00EB2C98 /* Main.storyboard in Resources */,
			);
			runOnlyForDeploymentPostprocessing = 0;
		};
		B79CE255187E749C00EB2C98 /* Resources */ = {
			isa = PBXResourcesBuildPhase;
			buildActionMask = 2147483647;
			files = (
				B79CE263187E749C00EB2C98 /* InfoPlist.strings in Resources */,
			);
			runOnlyForDeploymentPostprocessing = 0;
		};
/* End PBXResourcesBuildPhase section */

/* Begin PBXSourcesBuildPhase section */
		B79CE232187E749C00EB2C98 /* Sources */ = {
			isa = PBXSourcesBuildPhase;
			buildActionMask = 2147483647;
			files = (
				B79CE250187E749C00EB2C98 /* ViewController.m in Sources */,
				B79CE24A187E749C00EB2C98 /* AppDelegate.m in Sources */,
				B79CE246187E749C00EB2C98 /* main.m in Sources */,
			);
			runOnlyForDeploymentPostprocessing = 0;
		};
		B79CE253187E749C00EB2C98 /* Sources */ = {
			isa = PBXSourcesBuildPhase;
			buildActionMask = 2147483647;
			files = (
				B79CE265187E749C00EB2C98 /* testdemoTests.m in Sources */,
			);
			runOnlyForDeploymentPostprocessing = 0;
		};
/* End PBXSourcesBuildPhase section */

/* Begin PBXTargetDependency section */
		B79CE25D187E749C00EB2C98 /* PBXTargetDependency */ = {
			isa = PBXTargetDependency;
			target = B79CE235187E749C00EB2C98 /* testdemo */;
			targetProxy = B79CE25C187E749C00EB2C98 /* PBXContainerItemProxy */;
		};
/* End PBXTargetDependency section */

/* Begin PBXVariantGroup section */
		B79CE242187E749C00EB2C98 /* InfoPlist.strings */ = {
			isa = PBXVariantGroup;
			children = (
				B79CE243187E749C00EB2C98 /* en */,
			);
			name = InfoPlist.strings;
			sourceTree = "<group>";
		};
		B79CE24B187E749C00EB2C98 /* Main.storyboard */ = {
			isa = PBXVariantGroup;
			children = (
				B79CE24C187E749C00EB2C98 /* Base */,
			);
			name = Main.storyboard;
			sourceTree = "<group>";
		};
		B79CE261187E749C00EB2C98 /* InfoPlist.strings */ = {
			isa = PBXVariantGroup;
			children = (
				B79CE262187E749C00EB2C98 /* en */,
			);
			name = InfoPlist.strings;
			sourceTree = "<group>";
		};
/* End PBXVariantGroup section */

/* Begin XCBuildConfiguration section */
		B79CE266187E749C00EB2C98 /* Debug */ = {
			isa = XCBuildConfiguration;
			buildSettings = {
				ALWAYS_SEARCH_USER_PATHS = NO;
				ARCHS = "$(ARCHS_STANDARD_INCLUDING_64_BIT)";
				CLANG_CXX_LANGUAGE_STANDARD = "gnu++0x";
				CLANG_CXX_LIBRARY = "libc++";
				CLANG_ENABLE_MODULES = YES;
				CLANG_ENABLE_OBJC_ARC = YES;
				CLANG_WARN_BOOL_CONVERSION = YES;
				CLANG_WARN_CONSTANT_CONVERSION = YES;
				CLANG_WARN_DIRECT_OBJC_ISA_USAGE = YES_ERROR;
				CLANG_WARN_EMPTY_BODY = YES;
				CLANG_WARN_ENUM_CONVERSION = YES;
				CLANG_WARN_INT_CONVERSION = YES;
				CLANG_WARN_OBJC_ROOT_CLASS = YES_ERROR;
				CLANG_WARN__DUPLICATE_METHOD_MATCH = YES;
				"CODE_SIGN_IDENTITY[sdk=iphoneos*]" = "iPhone Developer";
				COPY_PHASE_STRIP = NO;
				GCC_C_LANGUAGE_STANDARD = gnu99;
				GCC_DYNAMIC_NO_PIC = NO;
				GCC_OPTIMIZATION_LEVEL = 0;
				GCC_PREPROCESSOR_DEFINITIONS = (
					"DEBUG=1",
					"$(inherited)",
				);
				GCC_SYMBOLS_PRIVATE_EXTERN = NO;
				GCC_WARN_64_TO_32_BIT_CONVERSION = YES;
				GCC_WARN_ABOUT_RETURN_TYPE = YES_ERROR;
				GCC_WARN_UNDECLARED_SELECTOR = YES;
				GCC_WARN_UNINITIALIZED_AUTOS = YES;
				GCC_WARN_UNUSED_FUNCTION = YES;
				GCC_WARN_UNUSED_VARIABLE = YES;
				IPHONEOS_DEPLOYMENT_TARGET = 7.0;
				ONLY_ACTIVE_ARCH = YES;
				SDKROOT = iphoneos;
			};
			name = Debug;
		};
		B79CE267187E749C00EB2C98 /* Release */ = {
			isa = XCBuildConfiguration;
			buildSettings = {
				ALWAYS_SEARCH_USER_PATHS = NO;
				ARCHS = "$(ARCHS_STANDARD_INCLUDING_64_BIT)";
				CLANG_CXX_LANGUAGE_STANDARD = "gnu++0x";
				CLANG_CXX_LIBRARY = "libc++";
				CLANG_ENABLE_MODULES = YES;
				CLANG_ENABLE_OBJC_ARC = YES;
				CLANG_WARN_BOOL_CONVERSION = YES;
				CLANG_WARN_CONSTANT_CONVERSION = YES;
				CLANG_WARN_DIRECT_OBJC_ISA_USAGE = YES_ERROR;
				CLANG_WARN_EMPTY_BODY = YES;
				CLANG_WARN_ENUM_CONVERSION = YES;
				CLANG_WARN_INT_CONVERSION = YES;
				CLANG_WARN_OBJC_ROOT_CLASS = YES_ERROR;
				CLANG_WARN__DUPLICATE_METHOD_MATCH = YES;
				"CODE_SIGN_IDENTITY[sdk=iphoneos*]" = "iPhone Developer";
				COPY_PHASE_STRIP = YES;
				ENABLE_NS_ASSERTIONS = NO;
				GCC_C_LANGUAGE_STANDARD = gnu99;
				GCC_WARN_64_TO_32_BIT_CONVERSION = YES;
				GCC_WARN_ABOUT_RETURN_TYPE = YES_ERROR;
				GCC_WARN_UNDECLARED_SELECTOR = YES;
				GCC_WARN_UNINITIALIZED_AUTOS = YES;
				GCC_WARN_UNUSED_FUNCTION = YES;
				GCC_WARN_UNUSED_VARIABLE = YES;
				IPHONEOS_DEPLOYMENT_TARGET = 7.0;
				SDKROOT = iphoneos;
				VALIDATE_PRODUCT = YES;
			};
			name = Release;
		};
		B79CE269187E749C00EB2C98 /* Debug */ = {
			isa = XCBuildConfiguration;
			buildSettings = {
				ASSETCATALOG_COMPILER_APPICON_NAME = AppIcon;
				ASSETCATALOG_COMPILER_LAUNCHIMAGE_NAME = LaunchImage;
				GCC_PRECOMPILE_PREFIX_HEADER = YES;
				GCC_PREFIX_HEADER = "testdemo/testdemo-Prefix.pch";
				INFOPLIST_FILE = "testdemo/testdemo-Info.plist";
				PRODUCT_NAME = "$(TARGET_NAME)";
				WRAPPER_EXTENSION = app;
			};
			name = Debug;
		};
		B79CE26A187E749C00EB2C98 /* Release */ = {
			isa = XCBuildConfiguration;
			buildSettings = {
				ASSETCATALOG_COMPILER_APPICON_NAME = AppIcon;
				ASSETCATALOG_COMPILER_LAUNCHIMAGE_NAME = LaunchImage;
				GCC_PRECOMPILE_PREFIX_HEADER = YES;
				GCC_PREFIX_HEADER = "testdemo/testdemo-Prefix.pch";
				INFOPLIST_FILE = "testdemo/testdemo-Info.plist";
				PRODUCT_NAME = "$(TARGET_NAME)";
				WRAPPER_EXTENSION = app;
			};
			name = Release;
		};
		B79CE26C187E749C00EB2C98 /* Debug */ = {
			isa = XCBuildConfiguration;
			buildSettings = {
				ARCHS = "$(ARCHS_STANDARD_INCLUDING_64_BIT)";
				BUNDLE_LOADER = "$(BUILT_PRODUCTS_DIR)/testdemo.app/testdemo";
				FRAMEWORK_SEARCH_PATHS = (
					"$(SDKROOT)/Developer/Library/Frameworks",
					"$(inherited)",
					"$(DEVELOPER_FRAMEWORKS_DIR)",
				);
				GCC_PRECOMPILE_PREFIX_HEADER = YES;
				GCC_PREFIX_HEADER = "testdemo/testdemo-Prefix.pch";
				GCC_PREPROCESSOR_DEFINITIONS = (
					"DEBUG=1",
					"$(inherited)",
				);
				INFOPLIST_FILE = "testdemoTests/testdemoTests-Info.plist";
				PRODUCT_NAME = "$(TARGET_NAME)";
				TEST_HOST = "$(BUNDLE_LOADER)";
				WRAPPER_EXTENSION = xctest;
			};
			name = Debug;
		};
		B79CE26D187E749C00EB2C98 /* Release */ = {
			isa = XCBuildConfiguration;
			buildSettings = {
				ARCHS = "$(ARCHS_STANDARD_INCLUDING_64_BIT)";
				BUNDLE_LOADER = "$(BUILT_PRODUCTS_DIR)/testdemo.app/testdemo";
				FRAMEWORK_SEARCH_PATHS = (
					"$(SDKROOT)/Developer/Library/Frameworks",
					"$(inherited)",
					"$(DEVELOPER_FRAMEWORKS_DIR)",
				);
				GCC_PRECOMPILE_PREFIX_HEADER = YES;
				GCC_PREFIX_HEADER = "testdemo/testdemo-Prefix.pch";
				INFOPLIST_FILE = "testdemoTests/testdemoTests-Info.plist";
				PRODUCT_NAME = "$(TARGET_NAME)";
				TEST_HOST = "$(BUNDLE_LOADER)";
				WRAPPER_EXTENSION = xctest;
			};
			name = Release;
		};
/* End XCBuildConfiguration section */

/* Begin XCConfigurationList section */
		B79CE231187E749C00EB2C98 /* Build configuration list for PBXProject "testdemo" */ = {
			isa = XCConfigurationList;
			buildConfigurations = (
				B79CE266187E749C00EB2C98 /* Debug */,
				B79CE267187E749C00EB2C98 /* Release */,
			);
			defaultConfigurationIsVisible = 0;
			defaultConfigurationName = Release;
		};
		B79CE268187E749C00EB2C98 /* Build configuration list for PBXNativeTarget "testdemo" */ = {
			isa = XCConfigurationList;
			buildConfigurations = (
				B79CE269187E749C00EB2C98 /* Debug */,
				B79CE26A187E749C00EB2C98 /* Release */,
			);
			defaultConfigurationIsVisible = 0;
		};
		B79CE26B187E749C00EB2C98 /* Build configuration list for PBXNativeTarget "testdemoTests" */ = {
			isa = XCConfigurationList;
			buildConfigurations = (
				B79CE26C187E749C00EB2C98 /* Debug */,
				B79CE26D187E749C00EB2C98 /* Release */,
			);
			defaultConfigurationIsVisible = 0;
		};
/* End XCConfigurationList section */
	};
	rootObject = B79CE22E187E749C00EB2C98 /* Project object */;
}
